// !$*UTF8*$!
{
	archiveVersion = 1;
	classes = {
	};
	objectVersion = 56;
	objects = {

/* Begin PBXBuildFile section */
		8B1712F02D6CDD2600A30200 /* ExamplesView.swift in Sources */ = {isa = PBXBuildFile; fileRef = 8B1712EF2D6CDD2600A30200 /* ExamplesView.swift */; };
		8B1712F22D6CE18700A30200 /* ViewFunctions.swift in Sources */ = {isa = PBXBuildFile; fileRef = 8B1712F12D6CE18700A30200 /* ViewFunctions.swift */; };
		8B1712F52D6CE47400A30200 /* NCart.swift in Sources */ = {isa = PBXBuildFile; fileRef = 8B1712F42D6CE47400A30200 /* NCart.swift */; };
		8B1712F82D6CE4D200A30200 /* NCardView.swift in Sources */ = {isa = PBXBuildFile; fileRef = 8B1712F72D6CE4D200A30200 /* NCardView.swift */; };
		8B1712FA2D6CE9A500A30200 /* NListView.swift in Sources */ = {isa = PBXBuildFile; fileRef = 8B1712F92D6CE9A500A30200 /* NListView.swift */; };
		8B1712FD2D6D02AB00A30200 /* ButtonPractice.swift in Sources */ = {isa = PBXBuildFile; fileRef = 8B1712FC2D6D02AB00A30200 /* ButtonPractice.swift */; };
		8B1712FF2D6D05E500A30200 /* TextFiledPractice.swift in Sources */ = {isa = PBXBuildFile; fileRef = 8B1712FE2D6D05E500A30200 /* TextFiledPractice.swift */; };
		8B1713012D6D089E00A30200 /* PickerPractice.swift in Sources */ = {isa = PBXBuildFile; fileRef = 8B1713002D6D089E00A30200 /* PickerPractice.swift */; };
		8B1713032D6D60B100A30200 /* TogglePractice.swift in Sources */ = {isa = PBXBuildFile; fileRef = 8B1713022D6D60B100A30200 /* TogglePractice.swift */; };
		8BDFA8B92D667F8200A17DA5 /* NotesApp.swift in Sources */ = {isa = PBXBuildFile; fileRef = 8BDFA8B82D667F8200A17DA5 /* NotesApp.swift */; };
		8BDFA8BB2D667F8200A17DA5 /* ContentView.swift in Sources */ = {isa = PBXBuildFile; fileRef = 8BDFA8BA2D667F8200A17DA5 /* ContentView.swift */; };
		8BDFA8BD2D667F8400A17DA5 /* Assets.xcassets in Resources */ = {isa = PBXBuildFile; fileRef = 8BDFA8BC2D667F8400A17DA5 /* Assets.xcassets */; };
		8BDFA8C02D667F8400A17DA5 /* Preview Assets.xcassets in Resources */ = {isa = PBXBuildFile; fileRef = 8BDFA8BF2D667F8400A17DA5 /* Preview Assets.xcassets */; };
		8BDFA8CA2D667F8400A17DA5 /* NotesTests.swift in Sources */ = {isa = PBXBuildFile; fileRef = 8BDFA8C92D667F8400A17DA5 /* NotesTests.swift */; };
		8BDFA8D42D667F8400A17DA5 /* NotesUITests.swift in Sources */ = {isa = PBXBuildFile; fileRef = 8BDFA8D32D667F8400A17DA5 /* NotesUITests.swift */; };
		8BDFA8D62D667F8400A17DA5 /* NotesUITestsLaunchTests.swift in Sources */ = {isa = PBXBuildFile; fileRef = 8BDFA8D52D667F8400A17DA5 /* NotesUITestsLaunchTests.swift */; };
/* End PBXBuildFile section */

/* Begin PBXContainerItemProxy section */
		8BDFA8C62D667F8400A17DA5 /* PBXContainerItemProxy */ = {
			isa = PBXContainerItemProxy;
			containerPortal = 8BDFA8AD2D667F8200A17DA5 /* Project object */;
			proxyType = 1;
			remoteGlobalIDString = 8BDFA8B42D667F8200A17DA5;
			remoteInfo = Notes;
		};
		8BDFA8D02D667F8400A17DA5 /* PBXContainerItemProxy */ = {
			isa = PBXContainerItemProxy;
			containerPortal = 8BDFA8AD2D667F8200A17DA5 /* Project object */;
			proxyType = 1;
			remoteGlobalIDString = 8BDFA8B42D667F8200A17DA5;
			remoteInfo = Notes;
		};
/* End PBXContainerItemProxy section */

/* Begin PBXFileReference section */
		8B1712EF2D6CDD2600A30200 /* ExamplesView.swift */ = {isa = PBXFileReference; lastKnownFileType = sourcecode.swift; path = ExamplesView.swift; sourceTree = "<group>"; };
		8B1712F12D6CE18700A30200 /* ViewFunctions.swift */ = {isa = PBXFileReference; lastKnownFileType = sourcecode.swift; path = ViewFunctions.swift; sourceTree = "<group>"; };
		8B1712F42D6CE47400A30200 /* NCart.swift */ = {isa = PBXFileReference; lastKnownFileType = sourcecode.swift; path = NCart.swift; sourceTree = "<group>"; };
		8B1712F72D6CE4D200A30200 /* NCardView.swift */ = {isa = PBXFileReference; lastKnownFileType = sourcecode.swift; path = NCardView.swift; sourceTree = "<group>"; };
		8B1712F92D6CE9A500A30200 /* NListView.swift */ = {isa = PBXFileReference; lastKnownFileType = sourcecode.swift; path = NListView.swift; sourceTree = "<group>"; };
		8B1712FC2D6D02AB00A30200 /* ButtonPractice.swift */ = {isa = PBXFileReference; lastKnownFileType = sourcecode.swift; path = ButtonPractice.swift; sourceTree = "<group>"; };
		8B1712FE2D6D05E500A30200 /* TextFiledPractice.swift */ = {isa = PBXFileReference; lastKnownFileType = sourcecode.swift; path = TextFiledPractice.swift; sourceTree = "<group>"; };
		8B1713002D6D089E00A30200 /* PickerPractice.swift */ = {isa = PBXFileReference; lastKnownFileType = sourcecode.swift; path = PickerPractice.swift; sourceTree = "<group>"; };
		8B1713022D6D60B100A30200 /* TogglePractice.swift */ = {isa = PBXFileReference; lastKnownFileType = sourcecode.swift; path = TogglePractice.swift; sourceTree = "<group>"; };
		8BDFA8B52D667F8200A17DA5 /* Notes.app */ = {isa = PBXFileReference; explicitFileType = wrapper.application; includeInIndex = 0; path = Notes.app; sourceTree = BUILT_PRODUCTS_DIR; };
		8BDFA8B82D667F8200A17DA5 /* NotesApp.swift */ = {isa = PBXFileReference; lastKnownFileType = sourcecode.swift; path = NotesApp.swift; sourceTree = "<group>"; };
		8BDFA8BA2D667F8200A17DA5 /* ContentView.swift */ = {isa = PBXFileReference; lastKnownFileType = sourcecode.swift; path = ContentView.swift; sourceTree = "<group>"; };
		8BDFA8BC2D667F8400A17DA5 /* Assets.xcassets */ = {isa = PBXFileReference; lastKnownFileType = folder.assetcatalog; path = Assets.xcassets; sourceTree = "<group>"; };
		8BDFA8BF2D667F8400A17DA5 /* Preview Assets.xcassets */ = {isa = PBXFileReference; lastKnownFileType = folder.assetcatalog; path = "Preview Assets.xcassets"; sourceTree = "<group>"; };
		8BDFA8C52D667F8400A17DA5 /* NotesTests.xctest */ = {isa = PBXFileReference; explicitFileType = wrapper.cfbundle; includeInIndex = 0; path = NotesTests.xctest; sourceTree = BUILT_PRODUCTS_DIR; };
		8BDFA8C92D667F8400A17DA5 /* NotesTests.swift */ = {isa = PBXFileReference; lastKnownFileType = sourcecode.swift; path = NotesTests.swift; sourceTree = "<group>"; };
		8BDFA8CF2D667F8400A17DA5 /* NotesUITests.xctest */ = {isa = PBXFileReference; explicitFileType = wrapper.cfbundle; includeInIndex = 0; path = NotesUITests.xctest; sourceTree = BUILT_PRODUCTS_DIR; };
		8BDFA8D32D667F8400A17DA5 /* NotesUITests.swift */ = {isa = PBXFileReference; lastKnownFileType = sourcecode.swift; path = NotesUITests.swift; sourceTree = "<group>"; };
		8BDFA8D52D667F8400A17DA5 /* NotesUITestsLaunchTests.swift */ = {isa = PBXFileReference; lastKnownFileType = sourcecode.swift; path = NotesUITestsLaunchTests.swift; sourceTree = "<group>"; };
/* End PBXFileReference section */

/* Begin PBXFrameworksBuildPhase section */
		8BDFA8B22D667F8200A17DA5 /* Frameworks */ = {
			isa = PBXFrameworksBuildPhase;
			buildActionMask = 2147483647;
			files = (
			);
			runOnlyForDeploymentPostprocessing = 0;
		};
		8BDFA8C22D667F8400A17DA5 /* Frameworks */ = {
			isa = PBXFrameworksBuildPhase;
			buildActionMask = 2147483647;
			files = (
			);
			runOnlyForDeploymentPostprocessing = 0;
		};
		8BDFA8CC2D667F8400A17DA5 /* Frameworks */ = {
			isa = PBXFrameworksBuildPhase;
			buildActionMask = 2147483647;
			files = (
			);
			runOnlyForDeploymentPostprocessing = 0;
		};
/* End PBXFrameworksBuildPhase section */

/* Begin PBXGroup section */
		8B1712F32D6CE42600A30200 /* Models */ = {
			isa = PBXGroup;
			children = (
				8B1712F42D6CE47400A30200 /* NCart.swift */,
			);
			path = Models;
			sourceTree = "<group>";
		};
		8B1712F62D6CE4A800A30200 /* Views */ = {
			isa = PBXGroup;
			children = (
				8B1712F72D6CE4D200A30200 /* NCardView.swift */,
				8B1712F92D6CE9A500A30200 /* NListView.swift */,
			);
			path = Views;
			sourceTree = "<group>";
		};
		8B1712FB2D6CEA9600A30200 /* Extras */ = {
			isa = PBXGroup;
			children = (
				8B1712EF2D6CDD2600A30200 /* ExamplesView.swift */,
				8B1712F12D6CE18700A30200 /* ViewFunctions.swift */,
				8B1712FC2D6D02AB00A30200 /* ButtonPractice.swift */,
				8B1712FE2D6D05E500A30200 /* TextFiledPractice.swift */,
				8B1713002D6D089E00A30200 /* PickerPractice.swift */,
				8B1713022D6D60B100A30200 /* TogglePractice.swift */,
			);
			path = Extras;
			sourceTree = "<group>";
		};
		8BDFA8AC2D667F8200A17DA5 = {
			isa = PBXGroup;
			children = (
				8BDFA8B72D667F8200A17DA5 /* Notes */,
				8BDFA8C82D667F8400A17DA5 /* NotesTests */,
				8BDFA8D22D667F8400A17DA5 /* NotesUITests */,
				8BDFA8B62D667F8200A17DA5 /* Products */,
			);
			sourceTree = "<group>";
		};
		8BDFA8B62D667F8200A17DA5 /* Products */ = {
			isa = PBXGroup;
			children = (
				8BDFA8B52D667F8200A17DA5 /* Notes.app */,
				8BDFA8C52D667F8400A17DA5 /* NotesTests.xctest */,
				8BDFA8CF2D667F8400A17DA5 /* NotesUITests.xctest */,
			);
			name = Products;
			sourceTree = "<group>";
		};
		8BDFA8B72D667F8200A17DA5 /* Notes */ = {
			isa = PBXGroup;
			children = (
				8B1712FB2D6CEA9600A30200 /* Extras */,
				8B1712F62D6CE4A800A30200 /* Views */,
				8B1712F32D6CE42600A30200 /* Models */,
				8BDFA8B82D667F8200A17DA5 /* NotesApp.swift */,
				8BDFA8BA2D667F8200A17DA5 /* ContentView.swift */,
				8BDFA8BC2D667F8400A17DA5 /* Assets.xcassets */,
				8BDFA8BE2D667F8400A17DA5 /* Preview Content */,
			);
			path = Notes;
			sourceTree = "<group>";
		};
		8BDFA8BE2D667F8400A17DA5 /* Preview Content */ = {
			isa = PBXGroup;
			children = (
				8BDFA8BF2D667F8400A17DA5 /* Preview Assets.xcassets */,
			);
			path = "Preview Content";
			sourceTree = "<group>";
		};
		8BDFA8C82D667F8400A17DA5 /* NotesTests */ = {
			isa = PBXGroup;
			children = (
				8BDFA8C92D667F8400A17DA5 /* NotesTests.swift */,
			);
			path = NotesTests;
			sourceTree = "<group>";
		};
		8BDFA8D22D667F8400A17DA5 /* NotesUITests */ = {
			isa = PBXGroup;
			children = (
				8BDFA8D32D667F8400A17DA5 /* NotesUITests.swift */,
				8BDFA8D52D667F8400A17DA5 /* NotesUITestsLaunchTests.swift */,
			);
			path = NotesUITests;
			sourceTree = "<group>";
		};
/* End PBXGroup section */

/* Begin PBXNativeTarget section */
		8BDFA8B42D667F8200A17DA5 /* Notes */ = {
			isa = PBXNativeTarget;
			buildConfigurationList = 8BDFA8D92D667F8400A17DA5 /* Build configuration list for PBXNativeTarget "Notes" */;
			buildPhases = (
				8BDFA8B12D667F8200A17DA5 /* Sources */,
				8BDFA8B22D667F8200A17DA5 /* Frameworks */,
				8BDFA8B32D667F8200A17DA5 /* Resources */,
			);
			buildRules = (
			);
			dependencies = (
			);
			name = Notes;
			productName = Notes;
			productReference = 8BDFA8B52D667F8200A17DA5 /* Notes.app */;
			productType = "com.apple.product-type.application";
		};
		8BDFA8C42D667F8400A17DA5 /* NotesTests */ = {
			isa = PBXNativeTarget;
			buildConfigurationList = 8BDFA8DC2D667F8400A17DA5 /* Build configuration list for PBXNativeTarget "NotesTests" */;
			buildPhases = (
				8BDFA8C12D667F8400A17DA5 /* Sources */,
				8BDFA8C22D667F8400A17DA5 /* Frameworks */,
				8BDFA8C32D667F8400A17DA5 /* Resources */,
			);
			buildRules = (
			);
			dependencies = (
				8BDFA8C72D667F8400A17DA5 /* PBXTargetDependency */,
			);
			name = NotesTests;
			productName = NotesTests;
			productReference = 8BDFA8C52D667F8400A17DA5 /* NotesTests.xctest */;
			productType = "com.apple.product-type.bundle.unit-test";
		};
		8BDFA8CE2D667F8400A17DA5 /* NotesUITests */ = {
			isa = PBXNativeTarget;
			buildConfigurationList = 8BDFA8DF2D667F8400A17DA5 /* Build configuration list for PBXNativeTarget "NotesUITests" */;
			buildPhases = (
				8BDFA8CB2D667F8400A17DA5 /* Sources */,
				8BDFA8CC2D667F8400A17DA5 /* Frameworks */,
				8BDFA8CD2D667F8400A17DA5 /* Resources */,
			);
			buildRules = (
			);
			dependencies = (
				8BDFA8D12D667F8400A17DA5 /* PBXTargetDependency */,
			);
			name = NotesUITests;
			productName = NotesUITests;
			productReference = 8BDFA8CF2D667F8400A17DA5 /* NotesUITests.xctest */;
			productType = "com.apple.product-type.bundle.ui-testing";
		};
/* End PBXNativeTarget section */

/* Begin PBXProject section */
		8BDFA8AD2D667F8200A17DA5 /* Project object */ = {
			isa = PBXProject;
			attributes = {
				BuildIndependentTargetsInParallel = 1;
				LastSwiftUpdateCheck = 1500;
				LastUpgradeCheck = 1500;
				TargetAttributes = {
					8BDFA8B42D667F8200A17DA5 = {
						CreatedOnToolsVersion = 15.0;
					};
					8BDFA8C42D667F8400A17DA5 = {
						CreatedOnToolsVersion = 15.0;
						TestTargetID = 8BDFA8B42D667F8200A17DA5;
					};
					8BDFA8CE2D667F8400A17DA5 = {
						CreatedOnToolsVersion = 15.0;
						TestTargetID = 8BDFA8B42D667F8200A17DA5;
					};
				};
			};
			buildConfigurationList = 8BDFA8B02D667F8200A17DA5 /* Build configuration list for PBXProject "Notes" */;
			compatibilityVersion = "Xcode 14.0";
			developmentRegion = en;
			hasScannedForEncodings = 0;
			knownRegions = (
				en,
				Base,
			);
			mainGroup = 8BDFA8AC2D667F8200A17DA5;
			productRefGroup = 8BDFA8B62D667F8200A17DA5 /* Products */;
			projectDirPath = "";
			projectRoot = "";
			targets = (
				8BDFA8B42D667F8200A17DA5 /* Notes */,
				8BDFA8C42D667F8400A17DA5 /* NotesTests */,
				8BDFA8CE2D667F8400A17DA5 /* NotesUITests */,
			);
		};
/* End PBXProject section */

/* Begin PBXResourcesBuildPhase section */
		8BDFA8B32D667F8200A17DA5 /* Resources */ = {
			isa = PBXResourcesBuildPhase;
			buildActionMask = 2147483647;
			files = (
				8BDFA8C02D667F8400A17DA5 /* Preview Assets.xcassets in Resources */,
				8BDFA8BD2D667F8400A17DA5 /* Assets.xcassets in Resources */,
			);
			runOnlyForDeploymentPostprocessing = 0;
		};
		8BDFA8C32D667F8400A17DA5 /* Resources */ = {
			isa = PBXResourcesBuildPhase;
			buildActionMask = 2147483647;
			files = (
			);
			runOnlyForDeploymentPostprocessing = 0;
		};
		8BDFA8CD2D667F8400A17DA5 /* Resources */ = {
			isa = PBXResourcesBuildPhase;
			buildActionMask = 2147483647;
			files = (
			);
			runOnlyForDeploymentPostprocessing = 0;
		};
/* End PBXResourcesBuildPhase section */

/* Begin PBXSourcesBuildPhase section */
		8BDFA8B12D667F8200A17DA5 /* Sources */ = {
			isa = PBXSourcesBuildPhase;
			buildActionMask = 2147483647;
			files = (
				8B1712F52D6CE47400A30200 /* NCart.swift in Sources */,
				8B1713032D6D60B100A30200 /* TogglePractice.swift in Sources */,
				8B1712F02D6CDD2600A30200 /* ExamplesView.swift in Sources */,
				8B1713012D6D089E00A30200 /* PickerPractice.swift in Sources */,
				8BDFA8BB2D667F8200A17DA5 /* ContentView.swift in Sources */,
				8B1712F82D6CE4D200A30200 /* NCardView.swift in Sources */,
				8B1712F22D6CE18700A30200 /* ViewFunctions.swift in Sources */,
				8B1712FF2D6D05E500A30200 /* TextFiledPractice.swift in Sources */,
				8BDFA8B92D667F8200A17DA5 /* NotesApp.swift in Sources */,
				8B1712FD2D6D02AB00A30200 /* ButtonPractice.swift in Sources */,
				8B1712FA2D6CE9A500A30200 /* NListView.swift in Sources */,
			);
			runOnlyForDeploymentPostprocessing = 0;
		};
		8BDFA8C12D667F8400A17DA5 /* Sources */ = {
			isa = PBXSourcesBuildPhase;
			buildActionMask = 2147483647;
			files = (
				8BDFA8CA2D667F8400A17DA5 /* NotesTests.swift in Sources */,
			);
			runOnlyForDeploymentPostprocessing = 0;
		};
		8BDFA8CB2D667F8400A17DA5 /* Sources */ = {
			isa = PBXSourcesBuildPhase;
			buildActionMask = 2147483647;
			files = (
				8BDFA8D62D667F8400A17DA5 /* NotesUITestsLaunchTests.swift in Sources */,
				8BDFA8D42D667F8400A17DA5 /* NotesUITests.swift in Sources */,
			);
			runOnlyForDeploymentPostprocessing = 0;
		};
/* End PBXSourcesBuildPhase section */

/* Begin PBXTargetDependency section */
		8BDFA8C72D667F8400A17DA5 /* PBXTargetDependency */ = {
			isa = PBXTargetDependency;
			target = 8BDFA8B42D667F8200A17DA5 /* Notes */;
			targetProxy = 8BDFA8C62D667F8400A17DA5 /* PBXContainerItemProxy */;
		};
		8BDFA8D12D667F8400A17DA5 /* PBXTargetDependency */ = {
			isa = PBXTargetDependency;
			target = 8BDFA8B42D667F8200A17DA5 /* Notes */;
			targetProxy = 8BDFA8D02D667F8400A17DA5 /* PBXContainerItemProxy */;
		};
/* End PBXTargetDependency section */

/* Begin XCBuildConfiguration section */
		8BDFA8D72D667F8400A17DA5 /* Debug */ = {
			isa = XCBuildConfiguration;
			buildSettings = {
				ALWAYS_SEARCH_USER_PATHS = NO;
				ASSETCATALOG_COMPILER_GENERATE_SWIFT_ASSET_SYMBOL_EXTENSIONS = YES;
				CLANG_ANALYZER_NONNULL = YES;
				CLANG_ANALYZER_NUMBER_OBJECT_CONVERSION = YES_AGGRESSIVE;
				CLANG_CXX_LANGUAGE_STANDARD = "gnu++20";
				CLANG_ENABLE_MODULES = YES;
				CLANG_ENABLE_OBJC_ARC = YES;
				CLANG_ENABLE_OBJC_WEAK = YES;
				CLANG_WARN_BLOCK_CAPTURE_AUTORELEASING = YES;
				CLANG_WARN_BOOL_CONVERSION = YES;
				CLANG_WARN_COMMA = YES;
				CLANG_WARN_CONSTANT_CONVERSION = YES;
				CLANG_WARN_DEPRECATED_OBJC_IMPLEMENTATIONS = YES;
				CLANG_WARN_DIRECT_OBJC_ISA_USAGE = YES_ERROR;
				CLANG_WARN_DOCUMENTATION_COMMENTS = YES;
				CLANG_WARN_EMPTY_BODY = YES;
				CLANG_WARN_ENUM_CONVERSION = YES;
				CLANG_WARN_INFINITE_RECURSION = YES;
				CLANG_WARN_INT_CONVERSION = YES;
				CLANG_WARN_NON_LITERAL_NULL_CONVERSION = YES;
				CLANG_WARN_OBJC_IMPLICIT_RETAIN_SELF = YES;
				CLANG_WARN_OBJC_LITERAL_CONVERSION = YES;
				CLANG_WARN_OBJC_ROOT_CLASS = YES_ERROR;
				CLANG_WARN_QUOTED_INCLUDE_IN_FRAMEWORK_HEADER = YES;
				CLANG_WARN_RANGE_LOOP_ANALYSIS = YES;
				CLANG_WARN_STRICT_PROTOTYPES = YES;
				CLANG_WARN_SUSPICIOUS_MOVE = YES;
				CLANG_WARN_UNGUARDED_AVAILABILITY = YES_AGGRESSIVE;
				CLANG_WARN_UNREACHABLE_CODE = YES;
				CLANG_WARN__DUPLICATE_METHOD_MATCH = YES;
				COPY_PHASE_STRIP = NO;
				DEBUG_INFORMATION_FORMAT = dwarf;
				ENABLE_STRICT_OBJC_MSGSEND = YES;
				ENABLE_TESTABILITY = YES;
				ENABLE_USER_SCRIPT_SANDBOXING = YES;
				GCC_C_LANGUAGE_STANDARD = gnu17;
				GCC_DYNAMIC_NO_PIC = NO;
				GCC_NO_COMMON_BLOCKS = YES;
				GCC_OPTIMIZATION_LEVEL = 0;
				GCC_PREPROCESSOR_DEFINITIONS = (
					"DEBUG=1",
					"$(inherited)",
				);
				GCC_WARN_64_TO_32_BIT_CONVERSION = YES;
				GCC_WARN_ABOUT_RETURN_TYPE = YES_ERROR;
				GCC_WARN_UNDECLARED_SELECTOR = YES;
				GCC_WARN_UNINITIALIZED_AUTOS = YES_AGGRESSIVE;
				GCC_WARN_UNUSED_FUNCTION = YES;
				GCC_WARN_UNUSED_VARIABLE = YES;
				IPHONEOS_DEPLOYMENT_TARGET = 17.0;
				LOCALIZATION_PREFERS_STRING_CATALOGS = YES;
				MTL_ENABLE_DEBUG_INFO = INCLUDE_SOURCE;
				MTL_FAST_MATH = YES;
				ONLY_ACTIVE_ARCH = YES;
				SDKROOT = iphoneos;
				SWIFT_ACTIVE_COMPILATION_CONDITIONS = "DEBUG $(inherited)";
				SWIFT_OPTIMIZATION_LEVEL = "-Onone";
			};
			name = Debug;
		};
		8BDFA8D82D667F8400A17DA5 /* Release */ = {
			isa = XCBuildConfiguration;
			buildSettings = {
				ALWAYS_SEARCH_USER_PATHS = NO;
				ASSETCATALOG_COMPILER_GENERATE_SWIFT_ASSET_SYMBOL_EXTENSIONS = YES;
				CLANG_ANALYZER_NONNULL = YES;
				CLANG_ANALYZER_NUMBER_OBJECT_CONVERSION = YES_AGGRESSIVE;
				CLANG_CXX_LANGUAGE_STANDARD = "gnu++20";
				CLANG_ENABLE_MODULES = YES;
				CLANG_ENABLE_OBJC_ARC = YES;
				CLANG_ENABLE_OBJC_WEAK = YES;
				CLANG_WARN_BLOCK_CAPTURE_AUTORELEASING = YES;
				CLANG_WARN_BOOL_CONVERSION = YES;
				CLANG_WARN_COMMA = YES;
				CLANG_WARN_CONSTANT_CONVERSION = YES;
				CLANG_WARN_DEPRECATED_OBJC_IMPLEMENTATIONS = YES;
				CLANG_WARN_DIRECT_OBJC_ISA_USAGE = YES_ERROR;
				CLANG_WARN_DOCUMENTATION_COMMENTS = YES;
				CLANG_WARN_EMPTY_BODY = YES;
				CLANG_WARN_ENUM_CONVERSION = YES;
				CLANG_WARN_INFINITE_RECURSION = YES;
				CLANG_WARN_INT_CONVERSION = YES;
				CLANG_WARN_NON_LITERAL_NULL_CONVERSION = YES;
				CLANG_WARN_OBJC_IMPLICIT_RETAIN_SELF = YES;
				CLANG_WARN_OBJC_LITERAL_CONVERSION = YES;
				CLANG_WARN_OBJC_ROOT_CLASS = YES_ERROR;
				CLANG_WARN_QUOTED_INCLUDE_IN_FRAMEWORK_HEADER = YES;
				CLANG_WARN_RANGE_LOOP_ANALYSIS = YES;
				CLANG_WARN_STRICT_PROTOTYPES = YES;
				CLANG_WARN_SUSPICIOUS_MOVE = YES;
				CLANG_WARN_UNGUARDED_AVAILABILITY = YES_AGGRESSIVE;
				CLANG_WARN_UNREACHABLE_CODE = YES;
				CLANG_WARN__DUPLICATE_METHOD_MATCH = YES;
				COPY_PHASE_STRIP = NO;
				DEBUG_INFORMATION_FORMAT = "dwarf-with-dsym";
				ENABLE_NS_ASSERTIONS = NO;
				ENABLE_STRICT_OBJC_MSGSEND = YES;
				ENABLE_USER_SCRIPT_SANDBOXING = YES;
				GCC_C_LANGUAGE_STANDARD = gnu17;
				GCC_NO_COMMON_BLOCKS = YES;
				GCC_WARN_64_TO_32_BIT_CONVERSION = YES;
				GCC_WARN_ABOUT_RETURN_TYPE = YES_ERROR;
				GCC_WARN_UNDECLARED_SELECTOR = YES;
				GCC_WARN_UNINITIALIZED_AUTOS = YES_AGGRESSIVE;
				GCC_WARN_UNUSED_FUNCTION = YES;
				GCC_WARN_UNUSED_VARIABLE = YES;
				IPHONEOS_DEPLOYMENT_TARGET = 17.0;
				LOCALIZATION_PREFERS_STRING_CATALOGS = YES;
				MTL_ENABLE_DEBUG_INFO = NO;
				MTL_FAST_MATH = YES;
				SDKROOT = iphoneos;
				SWIFT_COMPILATION_MODE = wholemodule;
				VALIDATE_PRODUCT = YES;
			};
			name = Release;
		};
		8BDFA8DA2D667F8400A17DA5 /* Debug */ = {
			isa = XCBuildConfiguration;
			buildSettings = {
				ASSETCATALOG_COMPILER_APPICON_NAME = AppIcon;
				ASSETCATALOG_COMPILER_GLOBAL_ACCENT_COLOR_NAME = AccentColor;
				CODE_SIGN_STYLE = Automatic;
				CURRENT_PROJECT_VERSION = 1;
				DEVELOPMENT_ASSET_PATHS = "\"Notes/Preview Content\"";
				DEVELOPMENT_TEAM = 344HT8G4W2;
				ENABLE_PREVIEWS = YES;
				GENERATE_INFOPLIST_FILE = YES;
				INFOPLIST_KEY_UIApplicationSceneManifest_Generation = YES;
				INFOPLIST_KEY_UIApplicationSupportsIndirectInputEvents = YES;
				INFOPLIST_KEY_UILaunchScreen_Generation = YES;
				INFOPLIST_KEY_UISupportedInterfaceOrientations_iPad = "UIInterfaceOrientationPortrait UIInterfaceOrientationPortraitUpsideDown UIInterfaceOrientationLandscapeLeft UIInterfaceOrientationLandscapeRight";
				INFOPLIST_KEY_UISupportedInterfaceOrientations_iPhone = "UIInterfaceOrientationPortrait UIInterfaceOrientationLandscapeLeft UIInterfaceOrientationLandscapeRight";
				IPHONEOS_DEPLOYMENT_TARGET = 16.0;
				LD_RUNPATH_SEARCH_PATHS = (
					"$(inherited)",
					"@executable_path/Frameworks",
				);
				MARKETING_VERSION = 1.0;
				PRODUCT_BUNDLE_IDENTIFIER = com.nitnelav.Notes;
				PRODUCT_NAME = "$(TARGET_NAME)";
				SWIFT_EMIT_LOC_STRINGS = YES;
				SWIFT_VERSION = 5.0;
				TARGETED_DEVICE_FAMILY = "1,2";
			};
			name = Debug;
		};
		8BDFA8DB2D667F8400A17DA5 /* Release */ = {
			isa = XCBuildConfiguration;
			buildSettings = {
				ASSETCATALOG_COMPILER_APPICON_NAME = AppIcon;
				ASSETCATALOG_COMPILER_GLOBAL_ACCENT_COLOR_NAME = AccentColor;
				CODE_SIGN_STYLE = Automatic;
				CURRENT_PROJECT_VERSION = 1;
				DEVELOPMENT_ASSET_PATHS = "\"Notes/Preview Content\"";
				DEVELOPMENT_TEAM = 344HT8G4W2;
				ENABLE_PREVIEWS = YES;
				GENERATE_INFOPLIST_FILE = YES;
				INFOPLIST_KEY_UIApplicationSceneManifest_Generation = YES;
				INFOPLIST_KEY_UIApplicationSupportsIndirectInputEvents = YES;
				INFOPLIST_KEY_UILaunchScreen_Generation = YES;
				INFOPLIST_KEY_UISupportedInterfaceOrientations_iPad = "UIInterfaceOrientationPortrait UIInterfaceOrientationPortraitUpsideDown UIInterfaceOrientationLandscapeLeft UIInterfaceOrientationLandscapeRight";
				INFOPLIST_KEY_UISupportedInterfaceOrientations_iPhone = "UIInterfaceOrientationPortrait UIInterfaceOrientationLandscapeLeft UIInterfaceOrientationLandscapeRight";
				IPHONEOS_DEPLOYMENT_TARGET = 16.0;
				LD_RUNPATH_SEARCH_PATHS = (
					"$(inherited)",
					"@executable_path/Frameworks",
				);
				MARKETING_VERSION = 1.0;
				PRODUCT_BUNDLE_IDENTIFIER = com.nitnelav.Notes;
				PRODUCT_NAME = "$(TARGET_NAME)";
				SWIFT_EMIT_LOC_STRINGS = YES;
				SWIFT_VERSION = 5.0;
				TARGETED_DEVICE_FAMILY = "1,2";
			};
			name = Release;
		};
		8BDFA8DD2D667F8400A17DA5 /* Debug */ = {
			isa = XCBuildConfiguration;
			buildSettings = {
				ALWAYS_EMBED_SWIFT_STANDARD_LIBRARIES = YES;
				BUNDLE_LOADER = "$(TEST_HOST)";
				CODE_SIGN_STYLE = Automatic;
				CURRENT_PROJECT_VERSION = 1;
				DEVELOPMENT_TEAM = 344HT8G4W2;
				GENERATE_INFOPLIST_FILE = YES;
				IPHONEOS_DEPLOYMENT_TARGET = 17.0;
				MARKETING_VERSION = 1.0;
				PRODUCT_BUNDLE_IDENTIFIER = com.nitnelav.NotesTests;
				PRODUCT_NAME = "$(TARGET_NAME)";
				SWIFT_EMIT_LOC_STRINGS = NO;
				SWIFT_VERSION = 5.0;
				TARGETED_DEVICE_FAMILY = "1,2";
				TEST_HOST = "$(BUILT_PRODUCTS_DIR)/Notes.app/$(BUNDLE_EXECUTABLE_FOLDER_PATH)/Notes";
			};
			name = Debug;
		};
		8BDFA8DE2D667F8400A17DA5 /* Release */ = {
			isa = XCBuildConfiguration;
			buildSettings = {
				ALWAYS_EMBED_SWIFT_STANDARD_LIBRARIES = YES;
				BUNDLE_LOADER = "$(TEST_HOST)";
				CODE_SIGN_STYLE = Automatic;
				CURRENT_PROJECT_VERSION = 1;
				DEVELOPMENT_TEAM = 344HT8G4W2;
				GENERATE_INFOPLIST_FILE = YES;
				IPHONEOS_DEPLOYMENT_TARGET = 17.0;
				MARKETING_VERSION = 1.0;
				PRODUCT_BUNDLE_IDENTIFIER = com.nitnelav.NotesTests;
				PRODUCT_NAME = "$(TARGET_NAME)";
				SWIFT_EMIT_LOC_STRINGS = NO;
				SWIFT_VERSION = 5.0;
				TARGETED_DEVICE_FAMILY = "1,2";
				TEST_HOST = "$(BUILT_PRODUCTS_DIR)/Notes.app/$(BUNDLE_EXECUTABLE_FOLDER_PATH)/Notes";
			};
			name = Release;
		};
		8BDFA8E02D667F8400A17DA5 /* Debug */ = {
			isa = XCBuildConfiguration;
			buildSettings = {
				ALWAYS_EMBED_SWIFT_STANDARD_LIBRARIES = YES;
				CODE_SIGN_STYLE = Automatic;
				CURRENT_PROJECT_VERSION = 1;
				DEVELOPMENT_TEAM = 344HT8G4W2;
				GENERATE_INFOPLIST_FILE = YES;
				MARKETING_VERSION = 1.0;
				PRODUCT_BUNDLE_IDENTIFIER = com.nitnelav.NotesUITests;
				PRODUCT_NAME = "$(TARGET_NAME)";
				SWIFT_EMIT_LOC_STRINGS = NO;
				SWIFT_VERSION = 5.0;
				TARGETED_DEVICE_FAMILY = "1,2";
				TEST_TARGET_NAME = Notes;
			};
			name = Debug;
		};
		8BDFA8E12D667F8400A17DA5 /* Release */ = {
			isa = XCBuildConfiguration;
			buildSettings = {
				ALWAYS_EMBED_SWIFT_STANDARD_LIBRARIES = YES;
				CODE_SIGN_STYLE = Automatic;
				CURRENT_PROJECT_VERSION = 1;
				DEVELOPMENT_TEAM = 344HT8G4W2;
				GENERATE_INFOPLIST_FILE = YES;
				MARKETING_VERSION = 1.0;
				PRODUCT_BUNDLE_IDENTIFIER = com.nitnelav.NotesUITests;
				PRODUCT_NAME = "$(TARGET_NAME)";
				SWIFT_EMIT_LOC_STRINGS = NO;
				SWIFT_VERSION = 5.0;
				TARGETED_DEVICE_FAMILY = "1,2";
				TEST_TARGET_NAME = Notes;
			};
			name = Release;
		};
/* End XCBuildConfiguration section */

/* Begin XCConfigurationList section */
		8BDFA8B02D667F8200A17DA5 /* Build configuration list for PBXProject "Notes" */ = {
			isa = XCConfigurationList;
			buildConfigurations = (
				8BDFA8D72D667F8400A17DA5 /* Debug */,
				8BDFA8D82D667F8400A17DA5 /* Release */,
			);
			defaultConfigurationIsVisible = 0;
			defaultConfigurationName = Release;
		};
		8BDFA8D92D667F8400A17DA5 /* Build configuration list for PBXNativeTarget "Notes" */ = {
			isa = XCConfigurationList;
			buildConfigurations = (
				8BDFA8DA2D667F8400A17DA5 /* Debug */,
				8BDFA8DB2D667F8400A17DA5 /* Release */,
			);
			defaultConfigurationIsVisible = 0;
			defaultConfigurationName = Release;
		};
		8BDFA8DC2D667F8400A17DA5 /* Build configuration list for PBXNativeTarget "NotesTests" */ = {
			isa = XCConfigurationList;
			buildConfigurations = (
				8BDFA8DD2D667F8400A17DA5 /* Debug */,
				8BDFA8DE2D667F8400A17DA5 /* Release */,
			);
			defaultConfigurationIsVisible = 0;
			defaultConfigurationName = Release;
		};
		8BDFA8DF2D667F8400A17DA5 /* Build configuration list for PBXNativeTarget "NotesUITests" */ = {
			isa = XCConfigurationList;
			buildConfigurations = (
				8BDFA8E02D667F8400A17DA5 /* Debug */,
				8BDFA8E12D667F8400A17DA5 /* Release */,
			);
			defaultConfigurationIsVisible = 0;
			defaultConfigurationName = Release;
		};
/* End XCConfigurationList section */
	};
	rootObject = 8BDFA8AD2D667F8200A17DA5 /* Project object */;
}
